
Microsoft Visual Studio Solution File, Format Version 12.00
# Visual Studio 2012
Project("{8BC9CEB8-8B4A-11D0-8D11-00A0C91BC942}") = "MFC_DocView", "MFC_DocView\MFC_DocView.vcxproj", "{2B307F88-9C5B-4B3E-9968-C56277028549}"
EndProject
Global
	GlobalSection(SolutionConfigurationPlatforms) = preSolution
		Debug|Win32 = Debug|Win32
		Release|Win32 = Release|Win32
	EndGlobalSection
	GlobalSection(ProjectConfigurationPlatforms) = postSolution
		{2B307F88-9C5B-4B3E-9968-C56277028549}.Debug|Win32.ActiveCfg = Debug|Win32
		{2B307F88-9C5B-4B3E-9968-C56277028549}.Debug|Win32.Build.0 = Debug|Win32
		{2B307F88-9C5B-4B3E-9968-C56277028549}.Release|Win32.ActiveCfg = Release|Win32
		{2B307F88-9C5B-4B3E-9968-C56277028549}.Release|Win32.Build.0 = Release|Win32
	EndGlobalSection
	GlobalSection(SolutionProperties) = preSolution
		HideSolutionNode = FALSE
	EndGlobalSection
EndGlobal
